# This file is autogenerated, do not edit; changes may be undone by the next 'dep ensure'.


[[projects]]
  digest = "1:28a69515688ce64861e59fdb60d925854f87cddf078e04881191c71b804c5b47"
  name = "github.com/Luzifer/go-openssl"
  packages = ["."]
  pruneopts = "NUT"
  revision = "b3de9a97f19362b45eb2e2597960afcd58569cea"
  version = "v2.0.0"

[[projects]]
  digest = "1:6503b55a93848f2365ab2715ed64ec47ff245026668a0c5409807a347e0f6568"
  name = "github.com/Luzifer/rconfig"
  packages = ["."]
  pruneopts = "NUT"
  revision = "7aef1d393c1e2d0758901853b59981c7adc67c7e"
  version = "v1.2.0"

[[projects]]
  digest = "1:b2339e83ce9b5c4f79405f949429a7f68a9a904fed903c672aac1e7ceb7f5f02"
  name = "github.com/sirupsen/logrus"
  packages = ["."]
  pruneopts = "NUT"
  revision = "3e01752db0189b9157070a0e1668a620f9a85da2"
  version = "v1.0.6"

[[projects]]
  digest = "1:e3707aeaccd2adc89eba6c062fec72116fe1fc1ba71097da85b4d8ae1668a675"
  name = "github.com/spf13/pflag"
  packages = ["."]
  pruneopts = "NUT"
  revision = "9a97c102cda95a86cec2345a6f09f55a939babf5"
  version = "v1.0.2"

[[projects]]
  branch = "master"
  digest = "1:63694b74286e7b4589ca54b9a126a8bcd739ad062fa30013245d0c30fdb4c377"
  name = "golang.org/x/crypto"
  packages = [
    "cast5",
    "openpgp",
    "openpgp/armor",
    "openpgp/elgamal",
    "openpgp/errors",
    "openpgp/packet",
    "openpgp/s2k",
    "ssh/terminal",
  ]
  pruneopts = "NUT"
  revision = "0e37d006457bf46f9e6692014ba72ef82c33022c"

[[projects]]
  branch = "master"
  digest = "1:581828cee9f0d31195c1ae52ea8935dfaec395cee6c23adc02109b892b391c2e"
  name = "golang.org/x/sys"
  packages = [
    "unix",
    "windows",
  ]
  pruneopts = "NUT"
  revision = "d0be0721c37eeb5299f245a996a483160fc36940"

[[projects]]
  branch = "v2"
  digest = "1:1ab6db2d2bd353449c5d1e976ba7a92a0ece6e83aaab3e6674f8f2f1faebb85a"
  name = "gopkg.in/validator.v2"
  packages = ["."]
  pruneopts = "NUT"
  revision = "135c24b11c19e52befcae2ec3fca5d9b78c4e98e"

[[projects]]
  digest = "1:7c95b35057a0ff2e19f707173cc1a947fa43a6eb5c4d300d196ece0334046082"
  name = "gopkg.in/yaml.v2"
  packages = ["."]
  pruneopts = "NUT"
  revision = "5420a8b6744d3b0345ab293f6fcba19c978f1183"
  version = "v2.2.1"

[solve-meta]
  analyzer-name = "dep"
  analyzer-version = 1
  input-imports = [
    "github.com/Luzifer/go-openssl",
    "github.com/Luzifer/rconfig",
    "github.com/sirupsen/logrus",
    "golang.org/x/crypto/openpgp",
    "golang.org/x/crypto/openpgp/armor",
  ]
  solver-name = "gps-cdcl"
  solver-version = 1
